
Microsoft Visual Studio Solution File, Format Version 12.00
Project("{FAE04EC0-301F-11D3-BF4B-00C04F79EFBC}") = "Shulkerbox", "src\Shulkerbox\Shulkerbox.csproj", "{CE5304FA-99D5-4C5A-9408-3CA19B7EFCF9}"
EndProject
Project("{2150E333-8FDC-42A3-9474-1A3956D46DE8}") = "Repository Files", "Repository Files", "{5C0A8AB5-5AD6-44D9-B71D-145CC11E4930}"
	ProjectSection(SolutionItems) = preProject
		LICENSE = LICENSE
		README.md = README.md
	EndProjectSection
EndProject
Global
	GlobalSection(SolutionConfigurationPlatforms) = preSolution
		Debug|Any CPU = Debug|Any CPU
		Release|Any CPU = Release|Any CPU
	EndGlobalSection
	GlobalSection(ProjectConfigurationPlatforms) = postSolution
		{CE5304FA-99D5-4C5A-9408-3CA19B7EFCF9}.Debug|Any CPU.ActiveCfg = Debug|Any CPU
		{CE5304FA-99D5-4C5A-9408-3CA19B7EFCF9}.Debug|Any CPU.Build.0 = Debug|Any CPU
		{CE5304FA-99D5-4C5A-9408-3CA19B7EFCF9}.Release|Any CPU.ActiveCfg = Release|Any CPU
		{CE5304FA-99D5-4C5A-9408-3CA19B7EFCF9}.Release|Any CPU.Build.0 = Release|Any CPU
	EndGlobalSection
EndGlobal
