
Microsoft Visual Studio Solution File, Format Version 12.00
# Visual Studio Version 17
VisualStudioVersion = 17.4.33110.190
MinimumVisualStudioVersion = 10.0.40219.1
Project("{9A19103F-16F7-4668-BE54-9A1E7A4F7556}") = "Shulkerbox", "Shulkerbox\Shulkerbox.csproj", "{05CED504-507B-4146-B6DA-57236D516AA8}"
EndProject
Project("{2150E333-8FDC-42A3-9474-1A3956D46DE8}") = "Repository Files", "Repository Files", "{8DBB8577-AFFD-4014-AD83-99E867C1F804}"
	ProjectSection(SolutionItems) = preProject
		LICENSE = LICENSE
		README.md = README.md
	EndProjectSection
EndProject
Global
	GlobalSection(SolutionConfigurationPlatforms) = preSolution
		Debug|Any CPU = Debug|Any CPU
		Release|Any CPU = Release|Any CPU
	EndGlobalSection
	GlobalSection(ProjectConfigurationPlatforms) = postSolution
		{05CED504-507B-4146-B6DA-57236D516AA8}.Debug|Any CPU.ActiveCfg = Debug|Any CPU
		{05CED504-507B-4146-B6DA-57236D516AA8}.Debug|Any CPU.Build.0 = Debug|Any CPU
		{05CED504-507B-4146-B6DA-57236D516AA8}.Release|Any CPU.ActiveCfg = Release|Any CPU
		{05CED504-507B-4146-B6DA-57236D516AA8}.Release|Any CPU.Build.0 = Release|Any CPU
	EndGlobalSection
	GlobalSection(SolutionProperties) = preSolution
		HideSolutionNode = FALSE
	EndGlobalSection
	GlobalSection(ExtensibilityGlobals) = postSolution
		SolutionGuid = {1ADEA45C-D593-4567-8A20-A9E4C79B2EE9}
	EndGlobalSection
EndGlobal
