
Microsoft Visual Studio Solution File, Format Version 12.00
Project("{FAE04EC0-301F-11D3-BF4B-00C04F79EFBC}") = "Shulkerbox.Shared", "src\Shulkerbox.Shared\Shulkerbox.Shared.csproj", "{651BEC54-A428-4E43-BEBB-4AEA76DDA6EA}"
EndProject
Project("{FAE04EC0-301F-11D3-BF4B-00C04F79EFBC}") = "Shulkerbox", "src\Shulkerbox\Shulkerbox.csproj", "{B2F67461-5278-43A7-AE9F-5DCE53BA9C6B}"
EndProject
Project("{2150E333-8FDC-42A3-9474-1A3956D46DE8}") = "Repository Files", "Repository Files", "{2CADC067-BC0A-408F-944C-373F1ECC30B6}"
	ProjectSection(SolutionItems) = preProject
		LICENSE = LICENSE
		README.md = README.md
	EndProjectSection
EndProject
Global
	GlobalSection(SolutionConfigurationPlatforms) = preSolution
		Debug|Any CPU = Debug|Any CPU
		Release|Any CPU = Release|Any CPU
	EndGlobalSection
	GlobalSection(ProjectConfigurationPlatforms) = postSolution
		{651BEC54-A428-4E43-BEBB-4AEA76DDA6EA}.Debug|Any CPU.ActiveCfg = Debug|Any CPU
		{651BEC54-A428-4E43-BEBB-4AEA76DDA6EA}.Debug|Any CPU.Build.0 = Debug|Any CPU
		{651BEC54-A428-4E43-BEBB-4AEA76DDA6EA}.Release|Any CPU.ActiveCfg = Release|Any CPU
		{651BEC54-A428-4E43-BEBB-4AEA76DDA6EA}.Release|Any CPU.Build.0 = Release|Any CPU
		{B2F67461-5278-43A7-AE9F-5DCE53BA9C6B}.Debug|Any CPU.ActiveCfg = Debug|Any CPU
		{B2F67461-5278-43A7-AE9F-5DCE53BA9C6B}.Debug|Any CPU.Build.0 = Debug|Any CPU
		{B2F67461-5278-43A7-AE9F-5DCE53BA9C6B}.Release|Any CPU.ActiveCfg = Release|Any CPU
		{B2F67461-5278-43A7-AE9F-5DCE53BA9C6B}.Release|Any CPU.Build.0 = Release|Any CPU
	EndGlobalSection
EndGlobal
